// !$*UTF8*$!
{
	archiveVersion = 1;
	classes = {
	};
	objectVersion = 50;
	objects = {

/* Begin PBXAggregateTarget section */
		B707A79220A1869200CE9F44 /* UniversalBuild */ = {
			isa = PBXAggregateTarget;
			buildConfigurationList = B707A79320A1869200CE9F44 /* Build configuration list for PBXAggregateTarget "UniversalBuild" */;
			buildPhases = (
				B707A79620A187B500CE9F44 /* ShellScript */,
			);
			dependencies = (
			);
			name = UniversalBuild;
			productName = UniversalBuild;
		};
/* End PBXAggregateTarget section */

/* Begin PBXBuildFile section */
		B707A79820A1AFD600CE9F44 /* Device+Extension.swift in Sources */ = {isa = PBXBuildFile; fileRef = B707A79720A1AFD600CE9F44 /* Device+Extension.swift */; };
		B747B7A520B65A5300129F45 /* UITableView+Extension.swift in Sources */ = {isa = PBXBuildFile; fileRef = B747B7A420B65A5300129F45 /* UITableView+Extension.swift */; };
		B74FC7A420CFBB8500241AA8 /* BundleExtViewController.swift in Sources */ = {isa = PBXBuildFile; fileRef = B74FC7A320CFBB8500241AA8 /* BundleExtViewController.swift */; };
		B74FC7A620CFBB9300241AA8 /* DeviceExtViewController.swift in Sources */ = {isa = PBXBuildFile; fileRef = B74FC7A520CFBB9300241AA8 /* DeviceExtViewController.swift */; };
		B74FC7A820CFBBAF00241AA8 /* ViewExtViewController.swift in Sources */ = {isa = PBXBuildFile; fileRef = B74FC7A720CFBBAF00241AA8 /* ViewExtViewController.swift */; };
		B74FC7AA20CFC1F500241AA8 /* TableViewExtViewController.swift in Sources */ = {isa = PBXBuildFile; fileRef = B74FC7A920CFC1F500241AA8 /* TableViewExtViewController.swift */; };
		B74FC7AC20CFC20600241AA8 /* CellectionViewExtViewController.swift in Sources */ = {isa = PBXBuildFile; fileRef = B74FC7AB20CFC20600241AA8 /* CellectionViewExtViewController.swift */; };
		B74FC7AE20CFC21300241AA8 /* ImageExtViewController.swift in Sources */ = {isa = PBXBuildFile; fileRef = B74FC7AD20CFC21300241AA8 /* ImageExtViewController.swift */; };
		B754CF8420BB959C00A986C5 /* SLTools.framework in Frameworks */ = {isa = PBXBuildFile; fileRef = B7A1788B208C8CC300764968 /* SLTools.framework */; };
		B7579F2920B6CDDD0051FAC5 /* UICollectionView+Extension.swift in Sources */ = {isa = PBXBuildFile; fileRef = B7579F2820B6CDDD0051FAC5 /* UICollectionView+Extension.swift */; };
		B7579F2F20B797A10051FAC5 /* UIImage+Extension.swift in Sources */ = {isa = PBXBuildFile; fileRef = B7579F2E20B797A10051FAC5 /* UIImage+Extension.swift */; };
		B7579F3220B7A7D40051FAC5 /* SLChinaIDParser.swift in Sources */ = {isa = PBXBuildFile; fileRef = B7579F3120B7A7D40051FAC5 /* SLChinaIDParser.swift */; };
		B7579F3620B800840051FAC5 /* SLChinaIDParserTests.swift in Sources */ = {isa = PBXBuildFile; fileRef = B7579F3520B800840051FAC5 /* SLChinaIDParserTests.swift */; };
		B76E2BEA20D2685700253E64 /* ufc-fight.jpg in Resources */ = {isa = PBXBuildFile; fileRef = B76E2BE920D2685700253E64 /* ufc-fight.jpg */; };
		B76E2BEC20D2697800253E64 /* ImagePickColorViewController.swift in Sources */ = {isa = PBXBuildFile; fileRef = B76E2BEB20D2697800253E64 /* ImagePickColorViewController.swift */; };
		B76E2BEE20D271BD00253E64 /* ImageCropViewController.swift in Sources */ = {isa = PBXBuildFile; fileRef = B76E2BED20D271BD00253E64 /* ImageCropViewController.swift */; };
		B76E2BF120D27CD500253E64 /* CGRect+Extension.swift in Sources */ = {isa = PBXBuildFile; fileRef = B76E2BEF20D27CCD00253E64 /* CGRect+Extension.swift */; };
		B76E2BF220D280DD00253E64 /* SLTools.framework in Frameworks */ = {isa = PBXBuildFile; fileRef = B7A1788B208C8CC300764968 /* SLTools.framework */; };
		B76E2BF320D280DD00253E64 /* SLTools.framework in Embed Frameworks */ = {isa = PBXBuildFile; fileRef = B7A1788B208C8CC300764968 /* SLTools.framework */; settings = {ATTRIBUTES = (CodeSignOnCopy, RemoveHeadersOnCopy, ); }; };
		B76EF65B2091B59C0044FFD5 /* NSString+MD5.h in Headers */ = {isa = PBXBuildFile; fileRef = B76EF6592091B59C0044FFD5 /* NSString+MD5.h */; settings = {ATTRIBUTES = (Public, ); }; };
		B76EF65C2091B59C0044FFD5 /* NSString+MD5.m in Sources */ = {isa = PBXBuildFile; fileRef = B76EF65A2091B59C0044FFD5 /* NSString+MD5.m */; };
		B76EF65E2091BAD30044FFD5 /* Bundle+Extension.swift in Sources */ = {isa = PBXBuildFile; fileRef = B76EF65D2091BAD30044FFD5 /* Bundle+Extension.swift */; };
		B77F7FEA20A853DC001F04A8 /* UIView+Extension.swift in Sources */ = {isa = PBXBuildFile; fileRef = B77F7FE920A853DC001F04A8 /* UIView+Extension.swift */; };
		B7A17895208C8CC300764968 /* SLTools.framework in Frameworks */ = {isa = PBXBuildFile; fileRef = B7A1788B208C8CC300764968 /* SLTools.framework */; };
		B7A1789C208C8CC300764968 /* SLTools.h in Headers */ = {isa = PBXBuildFile; fileRef = B7A1788E208C8CC300764968 /* SLTools.h */; settings = {ATTRIBUTES = (Public, ); }; };
		B7A178A6208C8DA000764968 /* UIColor+Extension.swift in Sources */ = {isa = PBXBuildFile; fileRef = B7A178A5208C8DA000764968 /* UIColor+Extension.swift */; };
		B7A178A8208D6D3B00764968 /* UIColorCreationTests.swift in Sources */ = {isa = PBXBuildFile; fileRef = B7A178A7208D6D3B00764968 /* UIColorCreationTests.swift */; };
		B7C21A3620BCD79000A7E838 /* Assets.xcassets in Resources */ = {isa = PBXBuildFile; fileRef = B7C21A2D20BCD79000A7E838 /* Assets.xcassets */; };
		B7C21A3720BCD79000A7E838 /* LaunchScreen.storyboard in Resources */ = {isa = PBXBuildFile; fileRef = B7C21A2E20BCD79000A7E838 /* LaunchScreen.storyboard */; };
		B7C21A3820BCD79000A7E838 /* Main.storyboard in Resources */ = {isa = PBXBuildFile; fileRef = B7C21A3020BCD79000A7E838 /* Main.storyboard */; };
		B7C21A3920BCD79000A7E838 /* ExampleEntryCell.swift in Sources */ = {isa = PBXBuildFile; fileRef = B7C21A3320BCD79000A7E838 /* ExampleEntryCell.swift */; };
		B7C21A3A20BCD79000A7E838 /* MainViewController.swift in Sources */ = {isa = PBXBuildFile; fileRef = B7C21A3420BCD79000A7E838 /* MainViewController.swift */; };
		B7C21A3B20BCD79000A7E838 /* AppDelegate.swift in Sources */ = {isa = PBXBuildFile; fileRef = B7C21A3520BCD79000A7E838 /* AppDelegate.swift */; };
		B7C8C4172091C411006B0885 /* StringMD5Tests.m in Sources */ = {isa = PBXBuildFile; fileRef = B7C8C4162091C411006B0885 /* StringMD5Tests.m */; };
		B7C8C41A2091C8BE006B0885 /* NSData+MD5.h in Headers */ = {isa = PBXBuildFile; fileRef = B7C8C4182091C8BE006B0885 /* NSData+MD5.h */; settings = {ATTRIBUTES = (Public, ); }; };
		B7C8C41B2091C8BE006B0885 /* NSData+MD5.m in Sources */ = {isa = PBXBuildFile; fileRef = B7C8C4192091C8BE006B0885 /* NSData+MD5.m */; };
		B7C8C41D2091D019006B0885 /* NSDataMD5Tests.m in Sources */ = {isa = PBXBuildFile; fileRef = B7C8C41C2091D019006B0885 /* NSDataMD5Tests.m */; };
		B7FF47C221BBAD57007D76FC /* String+Extension.swift in Sources */ = {isa = PBXBuildFile; fileRef = B7FF47C121BBAD57007D76FC /* String+Extension.swift */; };
		B7FF47EA21CF3A03007D76FC /* StringBackspaceTests.swift in Sources */ = {isa = PBXBuildFile; fileRef = B7FF47E921CF3A03007D76FC /* StringBackspaceTests.swift */; };
/* End PBXBuildFile section */

/* Begin PBXContainerItemProxy section */
		B754CF8120BB959700A986C5 /* PBXContainerItemProxy */ = {
			isa = PBXContainerItemProxy;
			containerPortal = B7A17882208C8CC300764968 /* Project object */;
			proxyType = 1;
			remoteGlobalIDString = B7A1788A208C8CC300764968;
			remoteInfo = SLTools;
		};
		B7A17896208C8CC300764968 /* PBXContainerItemProxy */ = {
			isa = PBXContainerItemProxy;
			containerPortal = B7A17882208C8CC300764968 /* Project object */;
			proxyType = 1;
			remoteGlobalIDString = B7A1788A208C8CC300764968;
			remoteInfo = SLTools;
		};
/* End PBXContainerItemProxy section */

/* Begin PBXCopyFilesBuildPhase section */
		B76E2BF420D280DD00253E64 /* Embed Frameworks */ = {
			isa = PBXCopyFilesBuildPhase;
			buildActionMask = 2147483647;
			dstPath = "";
			dstSubfolderSpec = 10;
			files = (
				B76E2BF320D280DD00253E64 /* SLTools.framework in Embed Frameworks */,
			);
			name = "Embed Frameworks";
			runOnlyForDeploymentPostprocessing = 0;
		};
/* End PBXCopyFilesBuildPhase section */

/* Begin PBXFileReference section */
		B707A79720A1AFD600CE9F44 /* Device+Extension.swift */ = {isa = PBXFileReference; lastKnownFileType = sourcecode.swift; path = "Device+Extension.swift"; sourceTree = "<group>"; };
		B747B7A420B65A5300129F45 /* UITableView+Extension.swift */ = {isa = PBXFileReference; lastKnownFileType = sourcecode.swift; path = "UITableView+Extension.swift"; sourceTree = "<group>"; };
		B74FC7A320CFBB8500241AA8 /* BundleExtViewController.swift */ = {isa = PBXFileReference; lastKnownFileType = sourcecode.swift; path = BundleExtViewController.swift; sourceTree = "<group>"; };
		B74FC7A520CFBB9300241AA8 /* DeviceExtViewController.swift */ = {isa = PBXFileReference; lastKnownFileType = sourcecode.swift; path = DeviceExtViewController.swift; sourceTree = "<group>"; };
		B74FC7A720CFBBAF00241AA8 /* ViewExtViewController.swift */ = {isa = PBXFileReference; lastKnownFileType = sourcecode.swift; path = ViewExtViewController.swift; sourceTree = "<group>"; };
		B74FC7A920CFC1F500241AA8 /* TableViewExtViewController.swift */ = {isa = PBXFileReference; lastKnownFileType = sourcecode.swift; path = TableViewExtViewController.swift; sourceTree = "<group>"; };
		B74FC7AB20CFC20600241AA8 /* CellectionViewExtViewController.swift */ = {isa = PBXFileReference; lastKnownFileType = sourcecode.swift; path = CellectionViewExtViewController.swift; sourceTree = "<group>"; };
		B74FC7AD20CFC21300241AA8 /* ImageExtViewController.swift */ = {isa = PBXFileReference; lastKnownFileType = sourcecode.swift; path = ImageExtViewController.swift; sourceTree = "<group>"; };
		B754CF6F20BB957900A986C5 /* Examples.app */ = {isa = PBXFileReference; explicitFileType = wrapper.application; includeInIndex = 0; path = Examples.app; sourceTree = BUILT_PRODUCTS_DIR; };
		B754CF7D20BB957A00A986C5 /* Info.plist */ = {isa = PBXFileReference; lastKnownFileType = text.plist.xml; path = Info.plist; sourceTree = "<group>"; };
		B7579F2820B6CDDD0051FAC5 /* UICollectionView+Extension.swift */ = {isa = PBXFileReference; lastKnownFileType = sourcecode.swift; path = "UICollectionView+Extension.swift"; sourceTree = "<group>"; };
		B7579F2E20B797A10051FAC5 /* UIImage+Extension.swift */ = {isa = PBXFileReference; lastKnownFileType = sourcecode.swift; path = "UIImage+Extension.swift"; sourceTree = "<group>"; };
		B7579F3120B7A7D40051FAC5 /* SLChinaIDParser.swift */ = {isa = PBXFileReference; lastKnownFileType = sourcecode.swift; path = SLChinaIDParser.swift; sourceTree = "<group>"; };
		B7579F3520B800840051FAC5 /* SLChinaIDParserTests.swift */ = {isa = PBXFileReference; lastKnownFileType = sourcecode.swift; path = SLChinaIDParserTests.swift; sourceTree = "<group>"; };
		B76E2BE920D2685700253E64 /* ufc-fight.jpg */ = {isa = PBXFileReference; lastKnownFileType = image.jpeg; path = "ufc-fight.jpg"; sourceTree = "<group>"; };
		B76E2BEB20D2697800253E64 /* ImagePickColorViewController.swift */ = {isa = PBXFileReference; lastKnownFileType = sourcecode.swift; path = ImagePickColorViewController.swift; sourceTree = "<group>"; };
		B76E2BED20D271BD00253E64 /* ImageCropViewController.swift */ = {isa = PBXFileReference; lastKnownFileType = sourcecode.swift; path = ImageCropViewController.swift; sourceTree = "<group>"; };
		B76E2BEF20D27CCD00253E64 /* CGRect+Extension.swift */ = {isa = PBXFileReference; lastKnownFileType = sourcecode.swift; path = "CGRect+Extension.swift"; sourceTree = "<group>"; };
		B76EF6592091B59C0044FFD5 /* NSString+MD5.h */ = {isa = PBXFileReference; lastKnownFileType = sourcecode.c.h; path = "NSString+MD5.h"; sourceTree = "<group>"; };
		B76EF65A2091B59C0044FFD5 /* NSString+MD5.m */ = {isa = PBXFileReference; lastKnownFileType = sourcecode.c.objc; path = "NSString+MD5.m"; sourceTree = "<group>"; };
		B76EF65D2091BAD30044FFD5 /* Bundle+Extension.swift */ = {isa = PBXFileReference; lastKnownFileType = sourcecode.swift; path = "Bundle+Extension.swift"; sourceTree = "<group>"; };
		B77F7FE920A853DC001F04A8 /* UIView+Extension.swift */ = {isa = PBXFileReference; lastKnownFileType = sourcecode.swift; path = "UIView+Extension.swift"; sourceTree = "<group>"; };
		B7A1788B208C8CC300764968 /* SLTools.framework */ = {isa = PBXFileReference; explicitFileType = wrapper.framework; includeInIndex = 0; path = SLTools.framework; sourceTree = BUILT_PRODUCTS_DIR; };
		B7A1788E208C8CC300764968 /* SLTools.h */ = {isa = PBXFileReference; lastKnownFileType = sourcecode.c.h; path = SLTools.h; sourceTree = "<group>"; };
		B7A1788F208C8CC300764968 /* Info.plist */ = {isa = PBXFileReference; lastKnownFileType = text.plist.xml; path = Info.plist; sourceTree = "<group>"; };
		B7A17894208C8CC300764968 /* SLToolsTests.xctest */ = {isa = PBXFileReference; explicitFileType = wrapper.cfbundle; includeInIndex = 0; path = SLToolsTests.xctest; sourceTree = BUILT_PRODUCTS_DIR; };
		B7A1789B208C8CC300764968 /* Info.plist */ = {isa = PBXFileReference; lastKnownFileType = text.plist.xml; path = Info.plist; sourceTree = "<group>"; };
		B7A178A5208C8DA000764968 /* UIColor+Extension.swift */ = {isa = PBXFileReference; lastKnownFileType = sourcecode.swift; path = "UIColor+Extension.swift"; sourceTree = "<group>"; };
		B7A178A7208D6D3B00764968 /* UIColorCreationTests.swift */ = {isa = PBXFileReference; lastKnownFileType = sourcecode.swift; path = UIColorCreationTests.swift; sourceTree = "<group>"; };
		B7C21A2D20BCD79000A7E838 /* Assets.xcassets */ = {isa = PBXFileReference; lastKnownFileType = folder.assetcatalog; path = Assets.xcassets; sourceTree = "<group>"; };
		B7C21A2F20BCD79000A7E838 /* Base */ = {isa = PBXFileReference; lastKnownFileType = file.storyboard; name = Base; path = Base.lproj/LaunchScreen.storyboard; sourceTree = "<group>"; };
		B7C21A3120BCD79000A7E838 /* Base */ = {isa = PBXFileReference; lastKnownFileType = file.storyboard; name = Base; path = Base.lproj/Main.storyboard; sourceTree = "<group>"; };
		B7C21A3320BCD79000A7E838 /* ExampleEntryCell.swift */ = {isa = PBXFileReference; fileEncoding = 4; lastKnownFileType = sourcecode.swift; path = ExampleEntryCell.swift; sourceTree = "<group>"; };
		B7C21A3420BCD79000A7E838 /* MainViewController.swift */ = {isa = PBXFileReference; fileEncoding = 4; lastKnownFileType = sourcecode.swift; path = MainViewController.swift; sourceTree = "<group>"; };
		B7C21A3520BCD79000A7E838 /* AppDelegate.swift */ = {isa = PBXFileReference; fileEncoding = 4; lastKnownFileType = sourcecode.swift; path = AppDelegate.swift; sourceTree = "<group>"; };
		B7C8C4152091C411006B0885 /* SLToolsTests-Bridging-Header.h */ = {isa = PBXFileReference; lastKnownFileType = sourcecode.c.h; path = "SLToolsTests-Bridging-Header.h"; sourceTree = "<group>"; };
		B7C8C4162091C411006B0885 /* StringMD5Tests.m */ = {isa = PBXFileReference; lastKnownFileType = sourcecode.c.objc; path = StringMD5Tests.m; sourceTree = "<group>"; };
		B7C8C4182091C8BE006B0885 /* NSData+MD5.h */ = {isa = PBXFileReference; lastKnownFileType = sourcecode.c.h; path = "NSData+MD5.h"; sourceTree = "<group>"; };
		B7C8C4192091C8BE006B0885 /* NSData+MD5.m */ = {isa = PBXFileReference; lastKnownFileType = sourcecode.c.objc; path = "NSData+MD5.m"; sourceTree = "<group>"; };
		B7C8C41C2091D019006B0885 /* NSDataMD5Tests.m */ = {isa = PBXFileReference; lastKnownFileType = sourcecode.c.objc; path = NSDataMD5Tests.m; sourceTree = "<group>"; };
		B7FF47C121BBAD57007D76FC /* String+Extension.swift */ = {isa = PBXFileReference; lastKnownFileType = sourcecode.swift; path = "String+Extension.swift"; sourceTree = "<group>"; };
		B7FF47E921CF3A03007D76FC /* StringBackspaceTests.swift */ = {isa = PBXFileReference; lastKnownFileType = sourcecode.swift; path = StringBackspaceTests.swift; sourceTree = "<group>"; };
/* End PBXFileReference section */

/* Begin PBXFrameworksBuildPhase section */
		B754CF6C20BB957900A986C5 /* Frameworks */ = {
			isa = PBXFrameworksBuildPhase;
			buildActionMask = 2147483647;
			files = (
				B754CF8420BB959C00A986C5 /* SLTools.framework in Frameworks */,
				B76E2BF220D280DD00253E64 /* SLTools.framework in Frameworks */,
			);
			runOnlyForDeploymentPostprocessing = 0;
		};
		B7A17887208C8CC300764968 /* Frameworks */ = {
			isa = PBXFrameworksBuildPhase;
			buildActionMask = 2147483647;
			files = (
			);
			runOnlyForDeploymentPostprocessing = 0;
		};
		B7A17891208C8CC300764968 /* Frameworks */ = {
			isa = PBXFrameworksBuildPhase;
			buildActionMask = 2147483647;
			files = (
				B7A17895208C8CC300764968 /* SLTools.framework in Frameworks */,
			);
			runOnlyForDeploymentPostprocessing = 0;
		};
/* End PBXFrameworksBuildPhase section */

/* Begin PBXGroup section */
		B74FC7A220CFBAB600241AA8 /* ExampleViews */ = {
			isa = PBXGroup;
			children = (
				B74FC7A320CFBB8500241AA8 /* BundleExtViewController.swift */,
				B74FC7AB20CFC20600241AA8 /* CellectionViewExtViewController.swift */,
				B74FC7A520CFBB9300241AA8 /* DeviceExtViewController.swift */,
				B76E2BED20D271BD00253E64 /* ImageCropViewController.swift */,
				B74FC7AD20CFC21300241AA8 /* ImageExtViewController.swift */,
				B76E2BEB20D2697800253E64 /* ImagePickColorViewController.swift */,
				B74FC7A920CFC1F500241AA8 /* TableViewExtViewController.swift */,
				B74FC7A720CFBBAF00241AA8 /* ViewExtViewController.swift */,
			);
			path = ExampleViews;
			sourceTree = "<group>";
		};
		B754CF7020BB957900A986C5 /* Examples */ = {
			isa = PBXGroup;
			children = (
				B754CF7D20BB957A00A986C5 /* Info.plist */,
				B7C21A2C20BCD79000A7E838 /* Resource */,
				B7C21A3220BCD79000A7E838 /* Source */,
			);
			path = Examples;
			sourceTree = "<group>";
		};
		B754CF8320BB959C00A986C5 /* Frameworks */ = {
			isa = PBXGroup;
			children = (
			);
			name = Frameworks;
			sourceTree = "<group>";
		};
		B7A17881208C8CC300764968 = {
			isa = PBXGroup;
			children = (
				B7A1788D208C8CC300764968 /* Source */,
				B7A17898208C8CC300764968 /* SLToolsTests */,
				B754CF7020BB957900A986C5 /* Examples */,
				B7A1788C208C8CC300764968 /* Products */,
				B754CF8320BB959C00A986C5 /* Frameworks */,
			);
			sourceTree = "<group>";
		};
		B7A1788C208C8CC300764968 /* Products */ = {
			isa = PBXGroup;
			children = (
				B7A1788B208C8CC300764968 /* SLTools.framework */,
				B7A17894208C8CC300764968 /* SLToolsTests.xctest */,
				B754CF6F20BB957900A986C5 /* Examples.app */,
			);
			name = Products;
			sourceTree = "<group>";
		};
		B7A1788D208C8CC300764968 /* Source */ = {
			isa = PBXGroup;
			children = (
				B76EF65D2091BAD30044FFD5 /* Bundle+Extension.swift */,
				B76E2BEF20D27CCD00253E64 /* CGRect+Extension.swift */,
				B707A79720A1AFD600CE9F44 /* Device+Extension.swift */,
				B7C8C41E2091D257006B0885 /* Digiest */,
				B7A1788F208C8CC300764968 /* Info.plist */,
				B7579F3120B7A7D40051FAC5 /* SLChinaIDParser.swift */,
				B7A1788E208C8CC300764968 /* SLTools.h */,
				B7579F2820B6CDDD0051FAC5 /* UICollectionView+Extension.swift */,
				B7A178A5208C8DA000764968 /* UIColor+Extension.swift */,
				B7579F2E20B797A10051FAC5 /* UIImage+Extension.swift */,
				B747B7A420B65A5300129F45 /* UITableView+Extension.swift */,
				B77F7FE920A853DC001F04A8 /* UIView+Extension.swift */,
				B7FF47C121BBAD57007D76FC /* String+Extension.swift */,
			);
			path = Source;
			sourceTree = "<group>";
		};
		B7A17898208C8CC300764968 /* SLToolsTests */ = {
			isa = PBXGroup;
			children = (
				B7A1789B208C8CC300764968 /* Info.plist */,
				B7A178A7208D6D3B00764968 /* UIColorCreationTests.swift */,
				B7C8C4162091C411006B0885 /* StringMD5Tests.m */,
				B7C8C4152091C411006B0885 /* SLToolsTests-Bridging-Header.h */,
				B7C8C41C2091D019006B0885 /* NSDataMD5Tests.m */,
				B7579F3520B800840051FAC5 /* SLChinaIDParserTests.swift */,
				B7FF47E921CF3A03007D76FC /* StringBackspaceTests.swift */,
			);
			path = SLToolsTests;
			sourceTree = "<group>";
		};
		B7C21A2C20BCD79000A7E838 /* Resource */ = {
			isa = PBXGroup;
			children = (
				B76E2BE920D2685700253E64 /* ufc-fight.jpg */,
				B7C21A2D20BCD79000A7E838 /* Assets.xcassets */,
				B7C21A2E20BCD79000A7E838 /* LaunchScreen.storyboard */,
				B7C21A3020BCD79000A7E838 /* Main.storyboard */,
			);
			path = Resource;
			sourceTree = "<group>";
		};
		B7C21A3220BCD79000A7E838 /* Source */ = {
			isa = PBXGroup;
			children = (
				B74FC7A220CFBAB600241AA8 /* ExampleViews */,
				B7C21A3320BCD79000A7E838 /* ExampleEntryCell.swift */,
				B7C21A3420BCD79000A7E838 /* MainViewController.swift */,
				B7C21A3520BCD79000A7E838 /* AppDelegate.swift */,
			);
			path = Source;
			sourceTree = "<group>";
		};
		B7C8C41E2091D257006B0885 /* Digiest */ = {
			isa = PBXGroup;
			children = (
				B7C8C4182091C8BE006B0885 /* NSData+MD5.h */,
				B7C8C4192091C8BE006B0885 /* NSData+MD5.m */,
				B76EF6592091B59C0044FFD5 /* NSString+MD5.h */,
				B76EF65A2091B59C0044FFD5 /* NSString+MD5.m */,
			);
			path = Digiest;
			sourceTree = "<group>";
		};
/* End PBXGroup section */

/* Begin PBXHeadersBuildPhase section */
		B7A17888208C8CC300764968 /* Headers */ = {
			isa = PBXHeadersBuildPhase;
			buildActionMask = 2147483647;
			files = (
				B7A1789C208C8CC300764968 /* SLTools.h in Headers */,
				B7C8C41A2091C8BE006B0885 /* NSData+MD5.h in Headers */,
				B76EF65B2091B59C0044FFD5 /* NSString+MD5.h in Headers */,
			);
			runOnlyForDeploymentPostprocessing = 0;
		};
/* End PBXHeadersBuildPhase section */

/* Begin PBXNativeTarget section */
		B754CF6E20BB957900A986C5 /* Examples */ = {
			isa = PBXNativeTarget;
			buildConfigurationList = B754CF8020BB957A00A986C5 /* Build configuration list for PBXNativeTarget "Examples" */;
			buildPhases = (
				B754CF6B20BB957900A986C5 /* Sources */,
				B754CF6C20BB957900A986C5 /* Frameworks */,
				B754CF6D20BB957900A986C5 /* Resources */,
				B76E2BF420D280DD00253E64 /* Embed Frameworks */,
			);
			buildRules = (
			);
			dependencies = (
				B754CF8220BB959700A986C5 /* PBXTargetDependency */,
			);
			name = Examples;
			productName = Examples;
			productReference = B754CF6F20BB957900A986C5 /* Examples.app */;
			productType = "com.apple.product-type.application";
		};
		B7A1788A208C8CC300764968 /* SLTools */ = {
			isa = PBXNativeTarget;
			buildConfigurationList = B7A1789F208C8CC300764968 /* Build configuration list for PBXNativeTarget "SLTools" */;
			buildPhases = (
				B7A17886208C8CC300764968 /* Sources */,
				B7A17887208C8CC300764968 /* Frameworks */,
				B7A17888208C8CC300764968 /* Headers */,
				B7A17889208C8CC300764968 /* Resources */,
			);
			buildRules = (
			);
			dependencies = (
			);
			name = SLTools;
			productName = SLTools;
			productReference = B7A1788B208C8CC300764968 /* SLTools.framework */;
			productType = "com.apple.product-type.framework";
		};
		B7A17893208C8CC300764968 /* SLToolsTests */ = {
			isa = PBXNativeTarget;
			buildConfigurationList = B7A178A2208C8CC300764968 /* Build configuration list for PBXNativeTarget "SLToolsTests" */;
			buildPhases = (
				B7A17890208C8CC300764968 /* Sources */,
				B7A17891208C8CC300764968 /* Frameworks */,
				B7A17892208C8CC300764968 /* Resources */,
			);
			buildRules = (
			);
			dependencies = (
				B7A17897208C8CC300764968 /* PBXTargetDependency */,
			);
			name = SLToolsTests;
			productName = SLToolsTests;
			productReference = B7A17894208C8CC300764968 /* SLToolsTests.xctest */;
			productType = "com.apple.product-type.bundle.unit-test";
		};
/* End PBXNativeTarget section */

/* Begin PBXProject section */
		B7A17882208C8CC300764968 /* Project object */ = {
			isa = PBXProject;
			attributes = {
				LastSwiftUpdateCheck = 0930;
				LastUpgradeCheck = 0930;
				ORGANIZATIONNAME = jkstyle;
				TargetAttributes = {
					B707A79220A1869200CE9F44 = {
						CreatedOnToolsVersion = 9.3;
					};
					B754CF6E20BB957900A986C5 = {
						CreatedOnToolsVersion = 9.3.1;
					};
					B7A1788A208C8CC300764968 = {
						CreatedOnToolsVersion = 9.3;
						LastSwiftMigration = 0930;
					};
					B7A17893208C8CC300764968 = {
						CreatedOnToolsVersion = 9.3;
						LastSwiftMigration = 0930;
					};
				};
			};
			buildConfigurationList = B7A17885208C8CC300764968 /* Build configuration list for PBXProject "SLTools" */;
			compatibilityVersion = "Xcode 9.3";
			developmentRegion = en;
			hasScannedForEncodings = 0;
			knownRegions = (
				en,
				Base,
			);
			mainGroup = B7A17881208C8CC300764968;
			productRefGroup = B7A1788C208C8CC300764968 /* Products */;
			projectDirPath = "";
			projectRoot = "";
			targets = (
				B7A1788A208C8CC300764968 /* SLTools */,
				B707A79220A1869200CE9F44 /* UniversalBuild */,
				B754CF6E20BB957900A986C5 /* Examples */,
				B7A17893208C8CC300764968 /* SLToolsTests */,
			);
		};
/* End PBXProject section */

/* Begin PBXResourcesBuildPhase section */
		B754CF6D20BB957900A986C5 /* Resources */ = {
			isa = PBXResourcesBuildPhase;
			buildActionMask = 2147483647;
			files = (
				B7C21A3820BCD79000A7E838 /* Main.storyboard in Resources */,
				B76E2BEA20D2685700253E64 /* ufc-fight.jpg in Resources */,
				B7C21A3620BCD79000A7E838 /* Assets.xcassets in Resources */,
				B7C21A3720BCD79000A7E838 /* LaunchScreen.storyboard in Resources */,
			);
			runOnlyForDeploymentPostprocessing = 0;
		};
		B7A17889208C8CC300764968 /* Resources */ = {
			isa = PBXResourcesBuildPhase;
			buildActionMask = 2147483647;
			files = (
			);
			runOnlyForDeploymentPostprocessing = 0;
		};
		B7A17892208C8CC300764968 /* Resources */ = {
			isa = PBXResourcesBuildPhase;
			buildActionMask = 2147483647;
			files = (
			);
			runOnlyForDeploymentPostprocessing = 0;
		};
/* End PBXResourcesBuildPhase section */

/* Begin PBXShellScriptBuildPhase section */
		B707A79620A187B500CE9F44 /* ShellScript */ = {
			isa = PBXShellScriptBuildPhase;
			buildActionMask = 2147483647;
			files = (
			);
			inputPaths = (
			);
			outputPaths = (
			);
			runOnlyForDeploymentPostprocessing = 0;
			shellPath = /bin/sh;
			shellScript = "# Merge Script\n\n# 1\n# Set bash script to exit immediately if any commands fail.\nset -e\n\n# 2\n# Setup some constants for use later on.\nFRAMEWORK_NAME=\"SLTools\"\n\n# 3\n# If remnants from a previous build exist, delete them.\nif [ -d \"${SRCROOT}/build\" ]; then\nrm -rf \"${SRCROOT}/build\"\nfi\n\n# 4\n# Build the framework for device and for simulator (using\n# all needed architectures).\nxcodebuild -target \"${FRAMEWORK_NAME}\" -configuration Release -arch arm64 -arch armv7 -arch armv7s only_active_arch=no defines_module=yes -sdk \"iphoneos\"\nxcodebuild -target \"${FRAMEWORK_NAME}\" -configuration Release -arch x86_64 -arch i386 only_active_arch=no defines_module=yes -sdk \"iphonesimulator\"\n\n# 5\n# Remove .framework file if exists on Desktop from previous run.\nif [ -d \"${HOME}/Desktop/${FRAMEWORK_NAME}.framework\" ]; then\nrm -rf \"${HOME}/Desktop/${FRAMEWORK_NAME}.framework\"\nfi\n\n# 6\n# Copy the device version of framework to Desktop.\ncp -r \"${SRCROOT}/build/Release-iphoneos/${FRAMEWORK_NAME}.framework\" \"${HOME}/Desktop/${FRAMEWORK_NAME}.framework\"\n\n# 7\n# Replace the framework executable within the framework with\n# a new version created by merging the device and simulator\n# frameworks' executables with lipo.\nlipo -create -output \"${HOME}/Desktop/${FRAMEWORK_NAME}.framework/${FRAMEWORK_NAME}\" \"${SRCROOT}/build/Release-iphoneos/${FRAMEWORK_NAME}.framework/${FRAMEWORK_NAME}\" \"${SRCROOT}/build/Release-iphonesimulator/${FRAMEWORK_NAME}.framework/${FRAMEWORK_NAME}\"\n\n# 8\n# Copy the Swift module mappings for the simulator into the\n# framework.  The device mappings already exist from step 6.\ncp -r \"${SRCROOT}/build/Release-iphonesimulator/${FRAMEWORK_NAME}.framework/Modules/${FRAMEWORK_NAME}.swiftmodule/\" \"${HOME}/Desktop/${FRAMEWORK_NAME}.framework/Modules/${FRAMEWORK_NAME}.swiftmodule\"\n\n# 9\n# Delete the most recent build.\nif [ -d \"${SRCROOT}/build\" ]; then\nrm -rf \"${SRCROOT}/build\"\nfi";
		};
/* End PBXShellScriptBuildPhase section */

/* Begin PBXSourcesBuildPhase section */
		B754CF6B20BB957900A986C5 /* Sources */ = {
			isa = PBXSourcesBuildPhase;
			buildActionMask = 2147483647;
			files = (
				B7C21A3B20BCD79000A7E838 /* AppDelegate.swift in Sources */,
				B76E2BEC20D2697800253E64 /* ImagePickColorViewController.swift in Sources */,
				B74FC7A820CFBBAF00241AA8 /* ViewExtViewController.swift in Sources */,
				B74FC7AA20CFC1F500241AA8 /* TableViewExtViewController.swift in Sources */,
				B74FC7A620CFBB9300241AA8 /* DeviceExtViewController.swift in Sources */,
				B7C21A3920BCD79000A7E838 /* ExampleEntryCell.swift in Sources */,
				B74FC7AC20CFC20600241AA8 /* CellectionViewExtViewController.swift in Sources */,
				B74FC7AE20CFC21300241AA8 /* ImageExtViewController.swift in Sources */,
				B74FC7A420CFBB8500241AA8 /* BundleExtViewController.swift in Sources */,
				B7C21A3A20BCD79000A7E838 /* MainViewController.swift in Sources */,
				B76E2BEE20D271BD00253E64 /* ImageCropViewController.swift in Sources */,
			);
			runOnlyForDeploymentPostprocessing = 0;
		};
		B7A17886208C8CC300764968 /* Sources */ = {
			isa = PBXSourcesBuildPhase;
			buildActionMask = 2147483647;
			files = (
				B76EF65C2091B59C0044FFD5 /* NSString+MD5.m in Sources */,
				B7579F3220B7A7D40051FAC5 /* SLChinaIDParser.swift in Sources */,
				B7579F2F20B797A10051FAC5 /* UIImage+Extension.swift in Sources */,
				B7579F2920B6CDDD0051FAC5 /* UICollectionView+Extension.swift in Sources */,
				B7FF47C221BBAD57007D76FC /* String+Extension.swift in Sources */,
				B747B7A520B65A5300129F45 /* UITableView+Extension.swift in Sources */,
				B76E2BF120D27CD500253E64 /* CGRect+Extension.swift in Sources */,
				B76EF65E2091BAD30044FFD5 /* Bundle+Extension.swift in Sources */,
				B7A178A6208C8DA000764968 /* UIColor+Extension.swift in Sources */,
				B707A79820A1AFD600CE9F44 /* Device+Extension.swift in Sources */,
				B7C8C41B2091C8BE006B0885 /* NSData+MD5.m in Sources */,
				B77F7FEA20A853DC001F04A8 /* UIView+Extension.swift in Sources */,
			);
			runOnlyForDeploymentPostprocessing = 0;
		};
		B7A17890208C8CC300764968 /* Sources */ = {
			isa = PBXSourcesBuildPhase;
			buildActionMask = 2147483647;
			files = (
				B7FF47EA21CF3A03007D76FC /* StringBackspaceTests.swift in Sources */,
				B7579F3620B800840051FAC5 /* SLChinaIDParserTests.swift in Sources */,
				B7A178A8208D6D3B00764968 /* UIColorCreationTests.swift in Sources */,
				B7C8C41D2091D019006B0885 /* NSDataMD5Tests.m in Sources */,
				B7C8C4172091C411006B0885 /* StringMD5Tests.m in Sources */,
			);
			runOnlyForDeploymentPostprocessing = 0;
		};
/* End PBXSourcesBuildPhase section */

/* Begin PBXTargetDependency section */
		B754CF8220BB959700A986C5 /* PBXTargetDependency */ = {
			isa = PBXTargetDependency;
			target = B7A1788A208C8CC300764968 /* SLTools */;
			targetProxy = B754CF8120BB959700A986C5 /* PBXContainerItemProxy */;
		};
		B7A17897208C8CC300764968 /* PBXTargetDependency */ = {
			isa = PBXTargetDependency;
			target = B7A1788A208C8CC300764968 /* SLTools */;
			targetProxy = B7A17896208C8CC300764968 /* PBXContainerItemProxy */;
		};
/* End PBXTargetDependency section */

/* Begin PBXVariantGroup section */
		B7C21A2E20BCD79000A7E838 /* LaunchScreen.storyboard */ = {
			isa = PBXVariantGroup;
			children = (
				B7C21A2F20BCD79000A7E838 /* Base */,
			);
			name = LaunchScreen.storyboard;
			sourceTree = "<group>";
		};
		B7C21A3020BCD79000A7E838 /* Main.storyboard */ = {
			isa = PBXVariantGroup;
			children = (
				B7C21A3120BCD79000A7E838 /* Base */,
			);
			name = Main.storyboard;
			sourceTree = "<group>";
		};
/* End PBXVariantGroup section */

/* Begin XCBuildConfiguration section */
		B707A79420A1869200CE9F44 /* Debug */ = {
			isa = XCBuildConfiguration;
			buildSettings = {
				CODE_SIGN_STYLE = Automatic;
				DEVELOPMENT_TEAM = 7H7V5YYQL3;
				ONLY_ACTIVE_ARCH = YES;
				PRODUCT_NAME = "$(TARGET_NAME)";
			};
			name = Debug;
		};
		B707A79520A1869200CE9F44 /* Release */ = {
			isa = XCBuildConfiguration;
			buildSettings = {
				CODE_SIGN_STYLE = Automatic;
				DEVELOPMENT_TEAM = 7H7V5YYQL3;
				PRODUCT_NAME = "$(TARGET_NAME)";
			};
			name = Release;
		};
		B754CF7E20BB957A00A986C5 /* Debug */ = {
			isa = XCBuildConfiguration;
			buildSettings = {
				ALWAYS_EMBED_SWIFT_STANDARD_LIBRARIES = YES;
				ASSETCATALOG_COMPILER_APPICON_NAME = AppIcon;
				CODE_SIGN_STYLE = Automatic;
				DEVELOPMENT_TEAM = 7H7V5YYQL3;
				INFOPLIST_FILE = Examples/Info.plist;
				IPHONEOS_DEPLOYMENT_TARGET = 8.0;
				LD_RUNPATH_SEARCH_PATHS = (
					"$(inherited)",
					"@executable_path/Frameworks",
				);
				PRODUCT_BUNDLE_IDENTIFIER = com.jkstyle.Examples;
				PRODUCT_NAME = "$(TARGET_NAME)";
				SWIFT_VERSION = 4.0;
				TARGETED_DEVICE_FAMILY = "1,2";
			};
			name = Debug;
		};
		B754CF7F20BB957A00A986C5 /* Release */ = {
			isa = XCBuildConfiguration;
			buildSettings = {
				ALWAYS_EMBED_SWIFT_STANDARD_LIBRARIES = YES;
				ASSETCATALOG_COMPILER_APPICON_NAME = AppIcon;
				CODE_SIGN_STYLE = Automatic;
				DEVELOPMENT_TEAM = 7H7V5YYQL3;
				INFOPLIST_FILE = Examples/Info.plist;
				IPHONEOS_DEPLOYMENT_TARGET = 8.0;
				LD_RUNPATH_SEARCH_PATHS = (
					"$(inherited)",
					"@executable_path/Frameworks",
				);
				PRODUCT_BUNDLE_IDENTIFIER = com.jkstyle.Examples;
				PRODUCT_NAME = "$(TARGET_NAME)";
				SWIFT_VERSION = 4.0;
				TARGETED_DEVICE_FAMILY = "1,2";
			};
			name = Release;
		};
		B7A1789D208C8CC300764968 /* Debug */ = {
			isa = XCBuildConfiguration;
			buildSettings = {
				ALWAYS_SEARCH_USER_PATHS = NO;
				CLANG_ANALYZER_NONNULL = YES;
				CLANG_ANALYZER_NUMBER_OBJECT_CONVERSION = YES_AGGRESSIVE;
				CLANG_CXX_LANGUAGE_STANDARD = "gnu++14";
				CLANG_CXX_LIBRARY = "libc++";
				CLANG_ENABLE_MODULES = YES;
				CLANG_ENABLE_OBJC_ARC = YES;
				CLANG_ENABLE_OBJC_WEAK = YES;
				CLANG_WARN_BLOCK_CAPTURE_AUTORELEASING = YES;
				CLANG_WARN_BOOL_CONVERSION = YES;
				CLANG_WARN_COMMA = YES;
				CLANG_WARN_CONSTANT_CONVERSION = YES;
				CLANG_WARN_DEPRECATED_OBJC_IMPLEMENTATIONS = YES;
				CLANG_WARN_DIRECT_OBJC_ISA_USAGE = YES_ERROR;
				CLANG_WARN_DOCUMENTATION_COMMENTS = YES;
				CLANG_WARN_EMPTY_BODY = YES;
				CLANG_WARN_ENUM_CONVERSION = YES;
				CLANG_WARN_INFINITE_RECURSION = YES;
				CLANG_WARN_INT_CONVERSION = YES;
				CLANG_WARN_NON_LITERAL_NULL_CONVERSION = YES;
				CLANG_WARN_OBJC_IMPLICIT_RETAIN_SELF = YES;
				CLANG_WARN_OBJC_LITERAL_CONVERSION = YES;
				CLANG_WARN_OBJC_ROOT_CLASS = YES_ERROR;
				CLANG_WARN_RANGE_LOOP_ANALYSIS = YES;
				CLANG_WARN_STRICT_PROTOTYPES = YES;
				CLANG_WARN_SUSPICIOUS_MOVE = YES;
				CLANG_WARN_UNGUARDED_AVAILABILITY = YES_AGGRESSIVE;
				CLANG_WARN_UNREACHABLE_CODE = YES;
				CLANG_WARN__DUPLICATE_METHOD_MATCH = YES;
				CODE_SIGN_IDENTITY = "iPhone Developer";
				COPY_PHASE_STRIP = NO;
				CURRENT_PROJECT_VERSION = 1;
				DEBUG_INFORMATION_FORMAT = dwarf;
				ENABLE_STRICT_OBJC_MSGSEND = YES;
				ENABLE_TESTABILITY = YES;
				GCC_C_LANGUAGE_STANDARD = gnu11;
				GCC_DYNAMIC_NO_PIC = NO;
				GCC_NO_COMMON_BLOCKS = YES;
				GCC_OPTIMIZATION_LEVEL = 0;
				GCC_PREPROCESSOR_DEFINITIONS = (
					"DEBUG=1",
					"$(inherited)",
				);
				GCC_WARN_64_TO_32_BIT_CONVERSION = YES;
				GCC_WARN_ABOUT_RETURN_TYPE = YES_ERROR;
				GCC_WARN_UNDECLARED_SELECTOR = YES;
				GCC_WARN_UNINITIALIZED_AUTOS = YES_AGGRESSIVE;
				GCC_WARN_UNUSED_FUNCTION = YES;
				GCC_WARN_UNUSED_VARIABLE = YES;
				IPHONEOS_DEPLOYMENT_TARGET = 8.0;
				MTL_ENABLE_DEBUG_INFO = YES;
				ONLY_ACTIVE_ARCH = YES;
				SDKROOT = iphoneos;
				SWIFT_ACTIVE_COMPILATION_CONDITIONS = DEBUG;
				SWIFT_OPTIMIZATION_LEVEL = "-Onone";
				VERSIONING_SYSTEM = "apple-generic";
				VERSION_INFO_PREFIX = "";
			};
			name = Debug;
		};
		B7A1789E208C8CC300764968 /* Release */ = {
			isa = XCBuildConfiguration;
			buildSettings = {
				ALWAYS_SEARCH_USER_PATHS = NO;
				CLANG_ANALYZER_NONNULL = YES;
				CLANG_ANALYZER_NUMBER_OBJECT_CONVERSION = YES_AGGRESSIVE;
				CLANG_CXX_LANGUAGE_STANDARD = "gnu++14";
				CLANG_CXX_LIBRARY = "libc++";
				CLANG_ENABLE_MODULES = YES;
				CLANG_ENABLE_OBJC_ARC = YES;
				CLANG_ENABLE_OBJC_WEAK = YES;
				CLANG_WARN_BLOCK_CAPTURE_AUTORELEASING = YES;
				CLANG_WARN_BOOL_CONVERSION = YES;
				CLANG_WARN_COMMA = YES;
				CLANG_WARN_CONSTANT_CONVERSION = YES;
				CLANG_WARN_DEPRECATED_OBJC_IMPLEMENTATIONS = YES;
				CLANG_WARN_DIRECT_OBJC_ISA_USAGE = YES_ERROR;
				CLANG_WARN_DOCUMENTATION_COMMENTS = YES;
				CLANG_WARN_EMPTY_BODY = YES;
				CLANG_WARN_ENUM_CONVERSION = YES;
				CLANG_WARN_INFINITE_RECURSION = YES;
				CLANG_WARN_INT_CONVERSION = YES;
				CLANG_WARN_NON_LITERAL_NULL_CONVERSION = YES;
				CLANG_WARN_OBJC_IMPLICIT_RETAIN_SELF = YES;
				CLANG_WARN_OBJC_LITERAL_CONVERSION = YES;
				CLANG_WARN_OBJC_ROOT_CLASS = YES_ERROR;
				CLANG_WARN_RANGE_LOOP_ANALYSIS = YES;
				CLANG_WARN_STRICT_PROTOTYPES = YES;
				CLANG_WARN_SUSPICIOUS_MOVE = YES;
				CLANG_WARN_UNGUARDED_AVAILABILITY = YES_AGGRESSIVE;
				CLANG_WARN_UNREACHABLE_CODE = YES;
				CLANG_WARN__DUPLICATE_METHOD_MATCH = YES;
				CODE_SIGN_IDENTITY = "iPhone Developer";
				COPY_PHASE_STRIP = NO;
				CURRENT_PROJECT_VERSION = 1;
				DEBUG_INFORMATION_FORMAT = "dwarf-with-dsym";
				ENABLE_NS_ASSERTIONS = NO;
				ENABLE_STRICT_OBJC_MSGSEND = YES;
				GCC_C_LANGUAGE_STANDARD = gnu11;
				GCC_NO_COMMON_BLOCKS = YES;
				GCC_WARN_64_TO_32_BIT_CONVERSION = YES;
				GCC_WARN_ABOUT_RETURN_TYPE = YES_ERROR;
				GCC_WARN_UNDECLARED_SELECTOR = YES;
				GCC_WARN_UNINITIALIZED_AUTOS = YES_AGGRESSIVE;
				GCC_WARN_UNUSED_FUNCTION = YES;
				GCC_WARN_UNUSED_VARIABLE = YES;
				IPHONEOS_DEPLOYMENT_TARGET = 8.0;
				MTL_ENABLE_DEBUG_INFO = NO;
				SDKROOT = iphoneos;
				SWIFT_COMPILATION_MODE = wholemodule;
				SWIFT_OPTIMIZATION_LEVEL = "-O";
				VALIDATE_PRODUCT = YES;
				VERSIONING_SYSTEM = "apple-generic";
				VERSION_INFO_PREFIX = "";
			};
			name = Release;
		};
		B7A178A0208C8CC300764968 /* Debug */ = {
			isa = XCBuildConfiguration;
			buildSettings = {
				CLANG_ENABLE_MODULES = YES;
				CODE_SIGN_IDENTITY = "";
				CODE_SIGN_STYLE = Automatic;
				DEFINES_MODULE = YES;
				DEVELOPMENT_TEAM = 7H7V5YYQL3;
				DYLIB_COMPATIBILITY_VERSION = 1;
				DYLIB_CURRENT_VERSION = 1;
				DYLIB_INSTALL_NAME_BASE = "@rpath";
				INFOPLIST_FILE = Source/Info.plist;
				INSTALL_PATH = "$(LOCAL_LIBRARY_DIR)/Frameworks";
				LD_RUNPATH_SEARCH_PATHS = (
					"$(inherited)",
					"@executable_path/Frameworks",
					"@loader_path/Frameworks",
				);
				ONLY_ACTIVE_ARCH = NO;
				PRODUCT_BUNDLE_IDENTIFIER = com.jkstyle.SLTools;
				PRODUCT_NAME = "$(TARGET_NAME:c99extidentifier)";
				SKIP_INSTALL = YES;
				SWIFT_OPTIMIZATION_LEVEL = "-Onone";
				SWIFT_VERSION = 4.0;
				TARGETED_DEVICE_FAMILY = "1,2";
			};
			name = Debug;
		};
		B7A178A1208C8CC300764968 /* Release */ = {
			isa = XCBuildConfiguration;
			buildSettings = {
				CLANG_ENABLE_MODULES = YES;
				CODE_SIGN_IDENTITY = "";
				CODE_SIGN_STYLE = Automatic;
				DEFINES_MODULE = YES;
				DEVELOPMENT_TEAM = 7H7V5YYQL3;
				DYLIB_COMPATIBILITY_VERSION = 1;
				DYLIB_CURRENT_VERSION = 1;
				DYLIB_INSTALL_NAME_BASE = "@rpath";
				INFOPLIST_FILE = Source/Info.plist;
				INSTALL_PATH = "$(LOCAL_LIBRARY_DIR)/Frameworks";
				LD_RUNPATH_SEARCH_PATHS = (
					"$(inherited)",
					"@executable_path/Frameworks",
					"@loader_path/Frameworks",
				);
				PRODUCT_BUNDLE_IDENTIFIER = com.jkstyle.SLTools;
				PRODUCT_NAME = "$(TARGET_NAME:c99extidentifier)";
				SKIP_INSTALL = YES;
				SWIFT_VERSION = 4.0;
				TARGETED_DEVICE_FAMILY = "1,2";
			};
			name = Release;
		};
		B7A178A3208C8CC300764968 /* Debug */ = {
			isa = XCBuildConfiguration;
			buildSettings = {
				ALWAYS_EMBED_SWIFT_STANDARD_LIBRARIES = YES;
				CLANG_ENABLE_MODULES = YES;
				CODE_SIGN_STYLE = Automatic;
				DEVELOPMENT_TEAM = 7H7V5YYQL3;
				INFOPLIST_FILE = SLToolsTests/Info.plist;
				LD_RUNPATH_SEARCH_PATHS = (
					"$(inherited)",
					"@executable_path/Frameworks",
					"@loader_path/Frameworks",
				);
				PRODUCT_BUNDLE_IDENTIFIER = com.jkstyle.SLToolsTests;
				PRODUCT_NAME = "$(TARGET_NAME)";
				SWIFT_OBJC_BRIDGING_HEADER = "SLToolsTests/SLToolsTests-Bridging-Header.h";
				SWIFT_OPTIMIZATION_LEVEL = "-Onone";
				SWIFT_VERSION = 4.0;
				TARGETED_DEVICE_FAMILY = "1,2";
			};
			name = Debug;
		};
		B7A178A4208C8CC300764968 /* Release */ = {
			isa = XCBuildConfiguration;
			buildSettings = {
				ALWAYS_EMBED_SWIFT_STANDARD_LIBRARIES = YES;
				CLANG_ENABLE_MODULES = YES;
				CODE_SIGN_STYLE = Automatic;
				DEVELOPMENT_TEAM = 7H7V5YYQL3;
				INFOPLIST_FILE = SLToolsTests/Info.plist;
				LD_RUNPATH_SEARCH_PATHS = (
					"$(inherited)",
					"@executable_path/Frameworks",
					"@loader_path/Frameworks",
				);
				PRODUCT_BUNDLE_IDENTIFIER = com.jkstyle.SLToolsTests;
				PRODUCT_NAME = "$(TARGET_NAME)";
				SWIFT_OBJC_BRIDGING_HEADER = "SLToolsTests/SLToolsTests-Bridging-Header.h";
				SWIFT_VERSION = 4.0;
				TARGETED_DEVICE_FAMILY = "1,2";
			};
			name = Release;
		};
/* End XCBuildConfiguration section */

/* Begin XCConfigurationList section */
		B707A79320A1869200CE9F44 /* Build configuration list for PBXAggregateTarget "UniversalBuild" */ = {
			isa = XCConfigurationList;
			buildConfigurations = (
				B707A79420A1869200CE9F44 /* Debug */,
				B707A79520A1869200CE9F44 /* Release */,
			);
			defaultConfigurationIsVisible = 0;
			defaultConfigurationName = Release;
		};
		B754CF8020BB957A00A986C5 /* Build configuration list for PBXNativeTarget "Examples" */ = {
			isa = XCConfigurationList;
			buildConfigurations = (
				B754CF7E20BB957A00A986C5 /* Debug */,
				B754CF7F20BB957A00A986C5 /* Release */,
			);
			defaultConfigurationIsVisible = 0;
			defaultConfigurationName = Release;
		};
		B7A17885208C8CC300764968 /* Build configuration list for PBXProject "SLTools" */ = {
			isa = XCConfigurationList;
			buildConfigurations = (
				B7A1789D208C8CC300764968 /* Debug */,
				B7A1789E208C8CC300764968 /* Release */,
			);
			defaultConfigurationIsVisible = 0;
			defaultConfigurationName = Release;
		};
		B7A1789F208C8CC300764968 /* Build configuration list for PBXNativeTarget "SLTools" */ = {
			isa = XCConfigurationList;
			buildConfigurations = (
				B7A178A0208C8CC300764968 /* Debug */,
				B7A178A1208C8CC300764968 /* Release */,
			);
			defaultConfigurationIsVisible = 0;
			defaultConfigurationName = Release;
		};
		B7A178A2208C8CC300764968 /* Build configuration list for PBXNativeTarget "SLToolsTests" */ = {
			isa = XCConfigurationList;
			buildConfigurations = (
				B7A178A3208C8CC300764968 /* Debug */,
				B7A178A4208C8CC300764968 /* Release */,
			);
			defaultConfigurationIsVisible = 0;
			defaultConfigurationName = Release;
		};
/* End XCConfigurationList section */
	};
	rootObject = B7A17882208C8CC300764968 /* Project object */;
}
